
Microsoft Visual Studio Solution File, Format Version 12.00
# Visual Studio Version 17
VisualStudioVersion = 17.7.34221.43
MinimumVisualStudioVersion = 10.0.40219.1
Project("{FAE04EC0-301F-11D3-BF4B-00C04F79EFBC}") = "CHECK HOTMAIL LINKED FACEBOOK", "CHECK HOTMAIL LINKED FACEBOOK\CHECK HOTMAIL LINKED FACEBOOK.csproj", "{56E1EF1F-9897-44FA-9FE0-6F52014BDF88}"
EndProject
Global
	GlobalSection(SolutionConfigurationPlatforms) = preSolution
		Debug|Any CPU = Debug|Any CPU
		Release|Any CPU = Release|Any CPU
	EndGlobalSection
	GlobalSection(ProjectConfigurationPlatforms) = postSolution
		{56E1EF1F-9897-44FA-9FE0-6F52014BDF88}.Debug|Any CPU.ActiveCfg = Debug|Any CPU
		{56E1EF1F-9897-44FA-9FE0-6F52014BDF88}.Debug|Any CPU.Build.0 = Debug|Any CPU
		{56E1EF1F-9897-44FA-9FE0-6F52014BDF88}.Release|Any CPU.ActiveCfg = Release|Any CPU
		{56E1EF1F-9897-44FA-9FE0-6F52014BDF88}.Release|Any CPU.Build.0 = Release|Any CPU
	EndGlobalSection
	GlobalSection(SolutionProperties) = preSolution
		HideSolutionNode = FALSE
	EndGlobalSection
	GlobalSection(ExtensibilityGlobals) = postSolution
		SolutionGuid = {3974513F-0D9A-48FF-B32A-B5EECE549647}
	EndGlobalSection
EndGlobal
